
Microsoft Visual Studio Solution File, Format Version 12.00
# Visual Studio 15
VisualStudioVersion = 15.0.28307.1738
MinimumVisualStudioVersion = 10.0.40219.1
Project("{8BC9CEB8-8B4A-11D0-8D11-00A0C91BC942}") = "realFinal", "realFinal\realFinal.vcxproj", "{260B6FB8-905A-4F18-8725-FCB2406CB39A}"
EndProject
Global
	GlobalSection(SolutionConfigurationPlatforms) = preSolution
		Debug|x64 = Debug|x64
		Debug|x86 = Debug|x86
		Release|x64 = Release|x64
		Release|x86 = Release|x86
	EndGlobalSection
	GlobalSection(ProjectConfigurationPlatforms) = postSolution
		{260B6FB8-905A-4F18-8725-FCB2406CB39A}.Debug|x64.ActiveCfg = Debug|x64
		{260B6FB8-905A-4F18-8725-FCB2406CB39A}.Debug|x64.Build.0 = Debug|x64
		{260B6FB8-905A-4F18-8725-FCB2406CB39A}.Debug|x86.ActiveCfg = Debug|Win32
		{260B6FB8-905A-4F18-8725-FCB2406CB39A}.Debug|x86.Build.0 = Debug|Win32
		{260B6FB8-905A-4F18-8725-FCB2406CB39A}.Release|x64.ActiveCfg = Release|x64
		{260B6FB8-905A-4F18-8725-FCB2406CB39A}.Release|x64.Build.0 = Release|x64
		{260B6FB8-905A-4F18-8725-FCB2406CB39A}.Release|x86.ActiveCfg = Release|Win32
		{260B6FB8-905A-4F18-8725-FCB2406CB39A}.Release|x86.Build.0 = Release|Win32
	EndGlobalSection
	GlobalSection(SolutionProperties) = preSolution
		HideSolutionNode = FALSE
	EndGlobalSection
	GlobalSection(ExtensibilityGlobals) = postSolution
		SolutionGuid = {FD8D5A38-0489-4CB6-A3F8-E42F28D4CFCD}
	EndGlobalSection
EndGlobal
